
Microsoft Visual Studio Solution File, Format Version 12.00
# Visual Studio Version 16
VisualStudioVersion = 16.0.30523.141
MinimumVisualStudioVersion = 10.0.40219.1
Project("{FAE04EC0-301F-11D3-BF4B-00C04F79EFBC}") = "appWindowsLocker", "appWindowsLocker\appWindowsLocker.csproj", "{AFC2A413-AD46-44C1-B951-CEBEDBB4A550}"
EndProject
Global
	GlobalSection(SolutionConfigurationPlatforms) = preSolution
		Debug|Any CPU = Debug|Any CPU
		Release|Any CPU = Release|Any CPU
	EndGlobalSection
	GlobalSection(ProjectConfigurationPlatforms) = postSolution
		{AFC2A413-AD46-44C1-B951-CEBEDBB4A550}.Debug|Any CPU.ActiveCfg = Debug|Any CPU
		{AFC2A413-AD46-44C1-B951-CEBEDBB4A550}.Debug|Any CPU.Build.0 = Debug|Any CPU
		{AFC2A413-AD46-44C1-B951-CEBEDBB4A550}.Release|Any CPU.ActiveCfg = Release|Any CPU
		{AFC2A413-AD46-44C1-B951-CEBEDBB4A550}.Release|Any CPU.Build.0 = Release|Any CPU
	EndGlobalSection
	GlobalSection(SolutionProperties) = preSolution
		HideSolutionNode = FALSE
	EndGlobalSection
	GlobalSection(ExtensibilityGlobals) = postSolution
		SolutionGuid = {7BEA8568-B900-4023-AEA1-2B92DDBEC416}
	EndGlobalSection
EndGlobal
